// !$*UTF8*$!
{
	archiveVersion = 1;
	classes = {
	};
	objectVersion = 46;
	objects = {

/* Begin PBXBuildFile section */
		424A800F1D02D767005A7978 /* main.m in Sources */ = {isa = PBXBuildFile; fileRef = 424A800E1D02D767005A7978 /* main.m */; };
		424A80121D02D767005A7978 /* AppDelegate.m in Sources */ = {isa = PBXBuildFile; fileRef = 424A80111D02D767005A7978 /* AppDelegate.m */; };
		424A80181D02D767005A7978 /* Main.storyboard in Resources */ = {isa = PBXBuildFile; fileRef = 424A80161D02D767005A7978 /* Main.storyboard */; };
		424A801A1D02D767005A7978 /* Assets.xcassets in Resources */ = {isa = PBXBuildFile; fileRef = 424A80191D02D767005A7978 /* Assets.xcassets */; };
		424A801D1D02D767005A7978 /* LaunchScreen.storyboard in Resources */ = {isa = PBXBuildFile; fileRef = 424A801B1D02D767005A7978 /* LaunchScreen.storyboard */; };
		424A80281D02D767005A7978 /* IMDemoTests.m in Sources */ = {isa = PBXBuildFile; fileRef = 424A80271D02D767005A7978 /* IMDemoTests.m */; };
		424A80331D02D767005A7978 /* IMDemoUITests.m in Sources */ = {isa = PBXBuildFile; fileRef = 424A80321D02D767005A7978 /* IMDemoUITests.m */; };
		42DA4CDE1D066D3D0080D6A1 /* LoginViewController.m in Sources */ = {isa = PBXBuildFile; fileRef = 42DA4CDC1D066D3D0080D6A1 /* LoginViewController.m */; };
		42DA4CE31D066E030080D6A1 /* MainViewController.m in Sources */ = {isa = PBXBuildFile; fileRef = 42DA4CE01D066E030080D6A1 /* MainViewController.m */; };
		42DA4CE41D066E030080D6A1 /* RegisterViewController.m in Sources */ = {isa = PBXBuildFile; fileRef = 42DA4CE21D066E030080D6A1 /* RegisterViewController.m */; };
		88D624701D1D1DCF00B011FE /* IMBaseClient.m in Sources */ = {isa = PBXBuildFile; fileRef = 88D6246F1D1D1DCF00B011FE /* IMBaseClient.m */; };
		88E8A86E1D236CF40025CDA8 /* ChatMainViewController.m in Sources */ = {isa = PBXBuildFile; fileRef = 88E8A86D1D236CF40025CDA8 /* ChatMainViewController.m */; };
		88E8A8711D236D090025CDA8 /* FriendMainViewController.m in Sources */ = {isa = PBXBuildFile; fileRef = 88E8A8701D236D090025CDA8 /* FriendMainViewController.m */; };
		88E8A8741D236D370025CDA8 /* DiscoverMainViewController.m in Sources */ = {isa = PBXBuildFile; fileRef = 88E8A8731D236D370025CDA8 /* DiscoverMainViewController.m */; };
		88E8A8771D236D480025CDA8 /* MineMainViewController.m in Sources */ = {isa = PBXBuildFile; fileRef = 88E8A8761D236D480025CDA8 /* MineMainViewController.m */; };
		A247C63D85C987F6FF390980 /* libPods-IMDemo.a in Frameworks */ = {isa = PBXBuildFile; fileRef = FC848C3DD9F39C1B36437C05 /* libPods-IMDemo.a */; };
/* End PBXBuildFile section */

/* Begin PBXContainerItemProxy section */
		424A80241D02D767005A7978 /* PBXContainerItemProxy */ = {
			isa = PBXContainerItemProxy;
			containerPortal = 424A80021D02D767005A7978 /* Project object */;
			proxyType = 1;
			remoteGlobalIDString = 424A80091D02D767005A7978;
			remoteInfo = IMDemo;
		};
		424A802F1D02D767005A7978 /* PBXContainerItemProxy */ = {
			isa = PBXContainerItemProxy;
			containerPortal = 424A80021D02D767005A7978 /* Project object */;
			proxyType = 1;
			remoteGlobalIDString = 424A80091D02D767005A7978;
			remoteInfo = IMDemo;
		};
/* End PBXContainerItemProxy section */

/* Begin PBXFileReference section */
		374160B9105B325AD972153E /* Pods-IMDemo.release.xcconfig */ = {isa = PBXFileReference; includeInIndex = 1; lastKnownFileType = text.xcconfig; name = "Pods-IMDemo.release.xcconfig"; path = "Pods/Target Support Files/Pods-IMDemo/Pods-IMDemo.release.xcconfig"; sourceTree = "<group>"; };
		424A800A1D02D767005A7978 /* IMDemo.app */ = {isa = PBXFileReference; explicitFileType = wrapper.application; includeInIndex = 0; path = IMDemo.app; sourceTree = BUILT_PRODUCTS_DIR; };
		424A800E1D02D767005A7978 /* main.m */ = {isa = PBXFileReference; lastKnownFileType = sourcecode.c.objc; path = main.m; sourceTree = "<group>"; };
		424A80101D02D767005A7978 /* AppDelegate.h */ = {isa = PBXFileReference; lastKnownFileType = sourcecode.c.h; path = AppDelegate.h; sourceTree = "<group>"; };
		424A80111D02D767005A7978 /* AppDelegate.m */ = {isa = PBXFileReference; lastKnownFileType = sourcecode.c.objc; path = AppDelegate.m; sourceTree = "<group>"; };
		424A80171D02D767005A7978 /* Base */ = {isa = PBXFileReference; lastKnownFileType = file.storyboard; name = Base; path = Base.lproj/Main.storyboard; sourceTree = "<group>"; };
		424A80191D02D767005A7978 /* Assets.xcassets */ = {isa = PBXFileReference; lastKnownFileType = folder.assetcatalog; path = Assets.xcassets; sourceTree = "<group>"; };
		424A801C1D02D767005A7978 /* Base */ = {isa = PBXFileReference; lastKnownFileType = file.storyboard; name = Base; path = Base.lproj/LaunchScreen.storyboard; sourceTree = "<group>"; };
		424A801E1D02D767005A7978 /* Info.plist */ = {isa = PBXFileReference; lastKnownFileType = text.plist.xml; path = Info.plist; sourceTree = "<group>"; };
		424A80231D02D767005A7978 /* IMDemoTests.xctest */ = {isa = PBXFileReference; explicitFileType = wrapper.cfbundle; includeInIndex = 0; path = IMDemoTests.xctest; sourceTree = BUILT_PRODUCTS_DIR; };
		424A80271D02D767005A7978 /* IMDemoTests.m */ = {isa = PBXFileReference; lastKnownFileType = sourcecode.c.objc; path = IMDemoTests.m; sourceTree = "<group>"; };
		424A80291D02D767005A7978 /* Info.plist */ = {isa = PBXFileReference; lastKnownFileType = text.plist.xml; path = Info.plist; sourceTree = "<group>"; };
		424A802E1D02D767005A7978 /* IMDemoUITests.xctest */ = {isa = PBXFileReference; explicitFileType = wrapper.cfbundle; includeInIndex = 0; path = IMDemoUITests.xctest; sourceTree = BUILT_PRODUCTS_DIR; };
		424A80321D02D767005A7978 /* IMDemoUITests.m */ = {isa = PBXFileReference; lastKnownFileType = sourcecode.c.objc; path = IMDemoUITests.m; sourceTree = "<group>"; };
		424A80341D02D767005A7978 /* Info.plist */ = {isa = PBXFileReference; lastKnownFileType = text.plist.xml; path = Info.plist; sourceTree = "<group>"; };
		424A80401D02DEC1005A7978 /* CFNetwork.framework */ = {isa = PBXFileReference; lastKnownFileType = wrapper.framework; name = CFNetwork.framework; path = System/Library/Frameworks/CFNetwork.framework; sourceTree = SDKROOT; };
		424A80421D02DED1005A7978 /* Security.framework */ = {isa = PBXFileReference; lastKnownFileType = wrapper.framework; name = Security.framework; path = System/Library/Frameworks/Security.framework; sourceTree = SDKROOT; };
		424A80441D02E16D005A7978 /* libxml2.2.dylib */ = {isa = PBXFileReference; lastKnownFileType = "compiled.mach-o.dylib"; name = libxml2.2.dylib; path = ../../../../../usr/lib/libxml2.2.dylib; sourceTree = "<group>"; };
		424A80461D02E1A3005A7978 /* libresolv.9.dylib */ = {isa = PBXFileReference; lastKnownFileType = "compiled.mach-o.dylib"; name = libresolv.9.dylib; path = ../../../../../usr/lib/libresolv.9.dylib; sourceTree = "<group>"; };
		424A80481D02E285005A7978 /* libidn.a */ = {isa = PBXFileReference; lastKnownFileType = archive.ar; name = libidn.a; path = Pods/XMPPFramework/Vendor/libidn/libidn.a; sourceTree = "<group>"; };
		42DA4CDC1D066D3D0080D6A1 /* LoginViewController.m */ = {isa = PBXFileReference; fileEncoding = 4; lastKnownFileType = sourcecode.c.objc; path = LoginViewController.m; sourceTree = "<group>"; };
		42DA4CDD1D066D3D0080D6A1 /* LoginViewController.h */ = {isa = PBXFileReference; fileEncoding = 4; lastKnownFileType = sourcecode.c.h; path = LoginViewController.h; sourceTree = "<group>"; };
		42DA4CDF1D066E030080D6A1 /* MainViewController.h */ = {isa = PBXFileReference; fileEncoding = 4; lastKnownFileType = sourcecode.c.h; path = MainViewController.h; sourceTree = "<group>"; };
		42DA4CE01D066E030080D6A1 /* MainViewController.m */ = {isa = PBXFileReference; fileEncoding = 4; lastKnownFileType = sourcecode.c.objc; path = MainViewController.m; sourceTree = "<group>"; };
		42DA4CE11D066E030080D6A1 /* RegisterViewController.h */ = {isa = PBXFileReference; fileEncoding = 4; lastKnownFileType = sourcecode.c.h; path = RegisterViewController.h; sourceTree = "<group>"; };
		42DA4CE21D066E030080D6A1 /* RegisterViewController.m */ = {isa = PBXFileReference; fileEncoding = 4; lastKnownFileType = sourcecode.c.objc; path = RegisterViewController.m; sourceTree = "<group>"; };
		88D6246E1D1D1DCF00B011FE /* IMBaseClient.h */ = {isa = PBXFileReference; fileEncoding = 4; lastKnownFileType = sourcecode.c.h; path = IMBaseClient.h; sourceTree = "<group>"; };
		88D6246F1D1D1DCF00B011FE /* IMBaseClient.m */ = {isa = PBXFileReference; fileEncoding = 4; lastKnownFileType = sourcecode.c.objc; path = IMBaseClient.m; sourceTree = "<group>"; };
		88E8A86C1D236CF40025CDA8 /* ChatMainViewController.h */ = {isa = PBXFileReference; fileEncoding = 4; lastKnownFileType = sourcecode.c.h; path = ChatMainViewController.h; sourceTree = "<group>"; };
		88E8A86D1D236CF40025CDA8 /* ChatMainViewController.m */ = {isa = PBXFileReference; fileEncoding = 4; lastKnownFileType = sourcecode.c.objc; path = ChatMainViewController.m; sourceTree = "<group>"; };
		88E8A86F1D236D090025CDA8 /* FriendMainViewController.h */ = {isa = PBXFileReference; fileEncoding = 4; lastKnownFileType = sourcecode.c.h; path = FriendMainViewController.h; sourceTree = "<group>"; };
		88E8A8701D236D090025CDA8 /* FriendMainViewController.m */ = {isa = PBXFileReference; fileEncoding = 4; lastKnownFileType = sourcecode.c.objc; path = FriendMainViewController.m; sourceTree = "<group>"; };
		88E8A8721D236D370025CDA8 /* DiscoverMainViewController.h */ = {isa = PBXFileReference; fileEncoding = 4; lastKnownFileType = sourcecode.c.h; path = DiscoverMainViewController.h; sourceTree = "<group>"; };
		88E8A8731D236D370025CDA8 /* DiscoverMainViewController.m */ = {isa = PBXFileReference; fileEncoding = 4; lastKnownFileType = sourcecode.c.objc; path = DiscoverMainViewController.m; sourceTree = "<group>"; };
		88E8A8751D236D480025CDA8 /* MineMainViewController.h */ = {isa = PBXFileReference; fileEncoding = 4; lastKnownFileType = sourcecode.c.h; path = MineMainViewController.h; sourceTree = "<group>"; };
		88E8A8761D236D480025CDA8 /* MineMainViewController.m */ = {isa = PBXFileReference; fileEncoding = 4; lastKnownFileType = sourcecode.c.objc; path = MineMainViewController.m; sourceTree = "<group>"; };
		CC7EF7DE53D975A5DD37E361 /* Pods-IMDemo.debug.xcconfig */ = {isa = PBXFileReference; includeInIndex = 1; lastKnownFileType = text.xcconfig; name = "Pods-IMDemo.debug.xcconfig"; path = "Pods/Target Support Files/Pods-IMDemo/Pods-IMDemo.debug.xcconfig"; sourceTree = "<group>"; };
		FC848C3DD9F39C1B36437C05 /* libPods-IMDemo.a */ = {isa = PBXFileReference; explicitFileType = archive.ar; includeInIndex = 0; path = "libPods-IMDemo.a"; sourceTree = BUILT_PRODUCTS_DIR; };
/* End PBXFileReference section */

/* Begin PBXFrameworksBuildPhase section */
		424A80071D02D767005A7978 /* Frameworks */ = {
			isa = PBXFrameworksBuildPhase;
			buildActionMask = 2147483647;
			files = (
				A247C63D85C987F6FF390980 /* libPods-IMDemo.a in Frameworks */,
			);
			runOnlyForDeploymentPostprocessing = 0;
		};
		424A80201D02D767005A7978 /* Frameworks */ = {
			isa = PBXFrameworksBuildPhase;
			buildActionMask = 2147483647;
			files = (
			);
			runOnlyForDeploymentPostprocessing = 0;
		};
		424A802B1D02D767005A7978 /* Frameworks */ = {
			isa = PBXFrameworksBuildPhase;
			buildActionMask = 2147483647;
			files = (
			);
			runOnlyForDeploymentPostprocessing = 0;
		};
/* End PBXFrameworksBuildPhase section */

/* Begin PBXGroup section */
		424A80011D02D767005A7978 = {
			isa = PBXGroup;
			children = (
				424A800C1D02D767005A7978 /* IMDemo */,
				424A80261D02D767005A7978 /* IMDemoTests */,
				424A80311D02D767005A7978 /* IMDemoUITests */,
				424A800B1D02D767005A7978 /* Products */,
				80EBB59A5CB2C8D9E0A94763 /* Pods */,
				9AA75E8118013CE3F67CD16F /* Frameworks */,
			);
			sourceTree = "<group>";
		};
		424A800B1D02D767005A7978 /* Products */ = {
			isa = PBXGroup;
			children = (
				424A800A1D02D767005A7978 /* IMDemo.app */,
				424A80231D02D767005A7978 /* IMDemoTests.xctest */,
				424A802E1D02D767005A7978 /* IMDemoUITests.xctest */,
			);
			name = Products;
			sourceTree = "<group>";
		};
		424A800C1D02D767005A7978 /* IMDemo */ = {
			isa = PBXGroup;
			children = (
				424A80101D02D767005A7978 /* AppDelegate.h */,
				424A80111D02D767005A7978 /* AppDelegate.m */,
				424A80161D02D767005A7978 /* Main.storyboard */,
				42DA4CDD1D066D3D0080D6A1 /* LoginViewController.h */,
				42DA4CDC1D066D3D0080D6A1 /* LoginViewController.m */,
				42DA4CDF1D066E030080D6A1 /* MainViewController.h */,
				42DA4CE01D066E030080D6A1 /* MainViewController.m */,
				42DA4CE11D066E030080D6A1 /* RegisterViewController.h */,
				42DA4CE21D066E030080D6A1 /* RegisterViewController.m */,
				88E8A86B1D236CC80025CDA8 /* MainView */,
				88D6246D1D1D1D7B00B011FE /* IMConfi */,
				424A80191D02D767005A7978 /* Assets.xcassets */,
				424A801B1D02D767005A7978 /* LaunchScreen.storyboard */,
				424A801E1D02D767005A7978 /* Info.plist */,
				424A800D1D02D767005A7978 /* Supporting Files */,
			);
			path = IMDemo;
			sourceTree = "<group>";
		};
		424A800D1D02D767005A7978 /* Supporting Files */ = {
			isa = PBXGroup;
			children = (
				424A800E1D02D767005A7978 /* main.m */,
			);
			name = "Supporting Files";
			sourceTree = "<group>";
		};
		424A80261D02D767005A7978 /* IMDemoTests */ = {
			isa = PBXGroup;
			children = (
				424A80271D02D767005A7978 /* IMDemoTests.m */,
				424A80291D02D767005A7978 /* Info.plist */,
			);
			path = IMDemoTests;
			sourceTree = "<group>";
		};
		424A80311D02D767005A7978 /* IMDemoUITests */ = {
			isa = PBXGroup;
			children = (
				424A80321D02D767005A7978 /* IMDemoUITests.m */,
				424A80341D02D767005A7978 /* Info.plist */,
			);
			path = IMDemoUITests;
			sourceTree = "<group>";
		};
		80EBB59A5CB2C8D9E0A94763 /* Pods */ = {
			isa = PBXGroup;
			children = (
				CC7EF7DE53D975A5DD37E361 /* Pods-IMDemo.debug.xcconfig */,
				374160B9105B325AD972153E /* Pods-IMDemo.release.xcconfig */,
			);
			name = Pods;
			sourceTree = "<group>";
		};
		88D6246D1D1D1D7B00B011FE /* IMConfi */ = {
			isa = PBXGroup;
			children = (
				88D6246E1D1D1DCF00B011FE /* IMBaseClient.h */,
				88D6246F1D1D1DCF00B011FE /* IMBaseClient.m */,
			);
			path = IMConfi;
			sourceTree = "<group>";
		};
		88E8A86B1D236CC80025CDA8 /* MainView */ = {
			isa = PBXGroup;
			children = (
				88E8A86C1D236CF40025CDA8 /* ChatMainViewController.h */,
				88E8A86D1D236CF40025CDA8 /* ChatMainViewController.m */,
				88E8A86F1D236D090025CDA8 /* FriendMainViewController.h */,
				88E8A8701D236D090025CDA8 /* FriendMainViewController.m */,
				88E8A8721D236D370025CDA8 /* DiscoverMainViewController.h */,
				88E8A8731D236D370025CDA8 /* DiscoverMainViewController.m */,
				88E8A8751D236D480025CDA8 /* MineMainViewController.h */,
				88E8A8761D236D480025CDA8 /* MineMainViewController.m */,
			);
			path = MainView;
			sourceTree = "<group>";
		};
		9AA75E8118013CE3F67CD16F /* Frameworks */ = {
			isa = PBXGroup;
			children = (
				424A80481D02E285005A7978 /* libidn.a */,
				424A80461D02E1A3005A7978 /* libresolv.9.dylib */,
				424A80441D02E16D005A7978 /* libxml2.2.dylib */,
				424A80421D02DED1005A7978 /* Security.framework */,
				424A80401D02DEC1005A7978 /* CFNetwork.framework */,
				FC848C3DD9F39C1B36437C05 /* libPods-IMDemo.a */,
			);
			name = Frameworks;
			sourceTree = "<group>";
		};
/* End PBXGroup section */

/* Begin PBXNativeTarget section */
		424A80091D02D767005A7978 /* IMDemo */ = {
			isa = PBXNativeTarget;
			buildConfigurationList = 424A80371D02D767005A7978 /* Build configuration list for PBXNativeTarget "IMDemo" */;
			buildPhases = (
				00C8446445ED22DDA3874E93 /* [CP] Check Pods Manifest.lock */,
				424A80061D02D767005A7978 /* Sources */,
				424A80071D02D767005A7978 /* Frameworks */,
				424A80081D02D767005A7978 /* Resources */,
				C00E357DA3F471F3ECB5FBFC /* [CP] Embed Pods Frameworks */,
				2E1DFE10631A51D5DF2D9109 /* [CP] Copy Pods Resources */,
			);
			buildRules = (
			);
			dependencies = (
			);
			name = IMDemo;
			productName = IMDemo;
			productReference = 424A800A1D02D767005A7978 /* IMDemo.app */;
			productType = "com.apple.product-type.application";
		};
		424A80221D02D767005A7978 /* IMDemoTests */ = {
			isa = PBXNativeTarget;
			buildConfigurationList = 424A803A1D02D767005A7978 /* Build configuration list for PBXNativeTarget "IMDemoTests" */;
			buildPhases = (
				424A801F1D02D767005A7978 /* Sources */,
				424A80201D02D767005A7978 /* Frameworks */,
				424A80211D02D767005A7978 /* Resources */,
			);
			buildRules = (
			);
			dependencies = (
				424A80251D02D767005A7978 /* PBXTargetDependency */,
			);
			name = IMDemoTests;
			productName = IMDemoTests;
			productReference = 424A80231D02D767005A7978 /* IMDemoTests.xctest */;
			productType = "com.apple.product-type.bundle.unit-test";
		};
		424A802D1D02D767005A7978 /* IMDemoUITests */ = {
			isa = PBXNativeTarget;
			buildConfigurationList = 424A803D1D02D767005A7978 /* Build configuration list for PBXNativeTarget "IMDemoUITests" */;
			buildPhases = (
				424A802A1D02D767005A7978 /* Sources */,
				424A802B1D02D767005A7978 /* Frameworks */,
				424A802C1D02D767005A7978 /* Resources */,
			);
			buildRules = (
			);
			dependencies = (
				424A80301D02D767005A7978 /* PBXTargetDependency */,
			);
			name = IMDemoUITests;
			productName = IMDemoUITests;
			productReference = 424A802E1D02D767005A7978 /* IMDemoUITests.xctest */;
			productType = "com.apple.product-type.bundle.ui-testing";
		};
/* End PBXNativeTarget section */

/* Begin PBXProject section */
		424A80021D02D767005A7978 /* Project object */ = {
			isa = PBXProject;
			attributes = {
				LastUpgradeCheck = 0730;
				ORGANIZATIONNAME = "迷彩码农";
				TargetAttributes = {
					424A80091D02D767005A7978 = {
						CreatedOnToolsVersion = 7.3.1;
					};
					424A80221D02D767005A7978 = {
						CreatedOnToolsVersion = 7.3.1;
						TestTargetID = 424A80091D02D767005A7978;
					};
					424A802D1D02D767005A7978 = {
						CreatedOnToolsVersion = 7.3.1;
						TestTargetID = 424A80091D02D767005A7978;
					};
				};
			};
			buildConfigurationList = 424A80051D02D767005A7978 /* Build configuration list for PBXProject "IMDemo" */;
			compatibilityVersion = "Xcode 3.2";
			developmentRegion = English;
			hasScannedForEncodings = 0;
			knownRegions = (
				en,
				Base,
			);
			mainGroup = 424A80011D02D767005A7978;
			productRefGroup = 424A800B1D02D767005A7978 /* Products */;
			projectDirPath = "";
			projectRoot = "";
			targets = (
				424A80091D02D767005A7978 /* IMDemo */,
				424A80221D02D767005A7978 /* IMDemoTests */,
				424A802D1D02D767005A7978 /* IMDemoUITests */,
			);
		};
/* End PBXProject section */

/* Begin PBXResourcesBuildPhase section */
		424A80081D02D767005A7978 /* Resources */ = {
			isa = PBXResourcesBuildPhase;
			buildActionMask = 2147483647;
			files = (
				424A801D1D02D767005A7978 /* LaunchScreen.storyboard in Resources */,
				424A801A1D02D767005A7978 /* Assets.xcassets in Resources */,
				424A80181D02D767005A7978 /* Main.storyboard in Resources */,
			);
			runOnlyForDeploymentPostprocessing = 0;
		};
		424A80211D02D767005A7978 /* Resources */ = {
			isa = PBXResourcesBuildPhase;
			buildActionMask = 2147483647;
			files = (
			);
			runOnlyForDeploymentPostprocessing = 0;
		};
		424A802C1D02D767005A7978 /* Resources */ = {
			isa = PBXResourcesBuildPhase;
			buildActionMask = 2147483647;
			files = (
			);
			runOnlyForDeploymentPostprocessing = 0;
		};
/* End PBXResourcesBuildPhase section */

/* Begin PBXShellScriptBuildPhase section */
		00C8446445ED22DDA3874E93 /* [CP] Check Pods Manifest.lock */ = {
			isa = PBXShellScriptBuildPhase;
			buildActionMask = 2147483647;
			files = (
			);
			inputPaths = (
			);
			name = "[CP] Check Pods Manifest.lock";
			outputPaths = (
			);
			runOnlyForDeploymentPostprocessing = 0;
			shellPath = /bin/sh;
			shellScript = "diff \"${PODS_ROOT}/../Podfile.lock\" \"${PODS_ROOT}/Manifest.lock\" > /dev/null\nif [[ $? != 0 ]] ; then\n    cat << EOM\nerror: The sandbox is not in sync with the Podfile.lock. Run 'pod install' or update your CocoaPods installation.\nEOM\n    exit 1\nfi\n";
			showEnvVarsInLog = 0;
		};
		2E1DFE10631A51D5DF2D9109 /* [CP] Copy Pods Resources */ = {
			isa = PBXShellScriptBuildPhase;
			buildActionMask = 2147483647;
			files = (
			);
			inputPaths = (
			);
			name = "[CP] Copy Pods Resources";
			outputPaths = (
			);
			runOnlyForDeploymentPostprocessing = 0;
			shellPath = /bin/sh;
			shellScript = "\"${SRCROOT}/Pods/Target Support Files/Pods-IMDemo/Pods-IMDemo-resources.sh\"\n";
			showEnvVarsInLog = 0;
		};
		C00E357DA3F471F3ECB5FBFC /* [CP] Embed Pods Frameworks */ = {
			isa = PBXShellScriptBuildPhase;
			buildActionMask = 2147483647;
			files = (
			);
			inputPaths = (
			);
			name = "[CP] Embed Pods Frameworks";
			outputPaths = (
			);
			runOnlyForDeploymentPostprocessing = 0;
			shellPath = /bin/sh;
			shellScript = "\"${SRCROOT}/Pods/Target Support Files/Pods-IMDemo/Pods-IMDemo-frameworks.sh\"\n";
			showEnvVarsInLog = 0;
		};
/* End PBXShellScriptBuildPhase section */

/* Begin PBXSourcesBuildPhase section */
		424A80061D02D767005A7978 /* Sources */ = {
			isa = PBXSourcesBuildPhase;
			buildActionMask = 2147483647;
			files = (
				88E8A8771D236D480025CDA8 /* MineMainViewController.m in Sources */,
				42DA4CE41D066E030080D6A1 /* RegisterViewController.m in Sources */,
				88E8A8711D236D090025CDA8 /* FriendMainViewController.m in Sources */,
				88E8A8741D236D370025CDA8 /* DiscoverMainViewController.m in Sources */,
				42DA4CDE1D066D3D0080D6A1 /* LoginViewController.m in Sources */,
				88E8A86E1D236CF40025CDA8 /* ChatMainViewController.m in Sources */,
				424A80121D02D767005A7978 /* AppDelegate.m in Sources */,
				424A800F1D02D767005A7978 /* main.m in Sources */,
				42DA4CE31D066E030080D6A1 /* MainViewController.m in Sources */,
				88D624701D1D1DCF00B011FE /* IMBaseClient.m in Sources */,
			);
			runOnlyForDeploymentPostprocessing = 0;
		};
		424A801F1D02D767005A7978 /* Sources */ = {
			isa = PBXSourcesBuildPhase;
			buildActionMask = 2147483647;
			files = (
				424A80281D02D767005A7978 /* IMDemoTests.m in Sources */,
			);
			runOnlyForDeploymentPostprocessing = 0;
		};
		424A802A1D02D767005A7978 /* Sources */ = {
			isa = PBXSourcesBuildPhase;
			buildActionMask = 2147483647;
			files = (
				424A80331D02D767005A7978 /* IMDemoUITests.m in Sources */,
			);
			runOnlyForDeploymentPostprocessing = 0;
		};
/* End PBXSourcesBuildPhase section */

/* Begin PBXTargetDependency section */
		424A80251D02D767005A7978 /* PBXTargetDependency */ = {
			isa = PBXTargetDependency;
			target = 424A80091D02D767005A7978 /* IMDemo */;
			targetProxy = 424A80241D02D767005A7978 /* PBXContainerItemProxy */;
		};
		424A80301D02D767005A7978 /* PBXTargetDependency */ = {
			isa = PBXTargetDependency;
			target = 424A80091D02D767005A7978 /* IMDemo */;
			targetProxy = 424A802F1D02D767005A7978 /* PBXContainerItemProxy */;
		};
/* End PBXTargetDependency section */

/* Begin PBXVariantGroup section */
		424A80161D02D767005A7978 /* Main.storyboard */ = {
			isa = PBXVariantGroup;
			children = (
				424A80171D02D767005A7978 /* Base */,
			);
			name = Main.storyboard;
			sourceTree = "<group>";
		};
		424A801B1D02D767005A7978 /* LaunchScreen.storyboard */ = {
			isa = PBXVariantGroup;
			children = (
				424A801C1D02D767005A7978 /* Base */,
			);
			name = LaunchScreen.storyboard;
			sourceTree = "<group>";
		};
/* End PBXVariantGroup section */

/* Begin XCBuildConfiguration section */
		424A80351D02D767005A7978 /* Debug */ = {
			isa = XCBuildConfiguration;
			buildSettings = {
				ALWAYS_SEARCH_USER_PATHS = NO;
				CLANG_ANALYZER_NONNULL = YES;
				CLANG_CXX_LANGUAGE_STANDARD = "gnu++0x";
				CLANG_CXX_LIBRARY = "libc++";
				CLANG_ENABLE_MODULES = YES;
				CLANG_ENABLE_OBJC_ARC = YES;
				CLANG_WARN_BOOL_CONVERSION = YES;
				CLANG_WARN_CONSTANT_CONVERSION = YES;
				CLANG_WARN_DIRECT_OBJC_ISA_USAGE = YES_ERROR;
				CLANG_WARN_EMPTY_BODY = YES;
				CLANG_WARN_ENUM_CONVERSION = YES;
				CLANG_WARN_INT_CONVERSION = YES;
				CLANG_WARN_OBJC_ROOT_CLASS = YES_ERROR;
				CLANG_WARN_UNREACHABLE_CODE = YES;
				CLANG_WARN__DUPLICATE_METHOD_MATCH = YES;
				"CODE_SIGN_IDENTITY[sdk=iphoneos*]" = "iPhone Developer";
				COPY_PHASE_STRIP = NO;
				DEBUG_INFORMATION_FORMAT = dwarf;
				ENABLE_STRICT_OBJC_MSGSEND = YES;
				ENABLE_TESTABILITY = YES;
				GCC_C_LANGUAGE_STANDARD = gnu99;
				GCC_DYNAMIC_NO_PIC = NO;
				GCC_NO_COMMON_BLOCKS = YES;
				GCC_OPTIMIZATION_LEVEL = 0;
				GCC_PREPROCESSOR_DEFINITIONS = (
					"DEBUG=1",
					"$(inherited)",
				);
				GCC_WARN_64_TO_32_BIT_CONVERSION = YES;
				GCC_WARN_ABOUT_RETURN_TYPE = YES_ERROR;
				GCC_WARN_UNDECLARED_SELECTOR = YES;
				GCC_WARN_UNINITIALIZED_AUTOS = YES_AGGRESSIVE;
				GCC_WARN_UNUSED_FUNCTION = YES;
				GCC_WARN_UNUSED_VARIABLE = YES;
				IPHONEOS_DEPLOYMENT_TARGET = 9.3;
				MTL_ENABLE_DEBUG_INFO = YES;
				ONLY_ACTIVE_ARCH = YES;
				SDKROOT = iphoneos;
			};
			name = Debug;
		};
		424A80361D02D767005A7978 /* Release */ = {
			isa = XCBuildConfiguration;
			buildSettings = {
				ALWAYS_SEARCH_USER_PATHS = NO;
				CLANG_ANALYZER_NONNULL = YES;
				CLANG_CXX_LANGUAGE_STANDARD = "gnu++0x";
				CLANG_CXX_LIBRARY = "libc++";
				CLANG_ENABLE_MODULES = YES;
				CLANG_ENABLE_OBJC_ARC = YES;
				CLANG_WARN_BOOL_CONVERSION = YES;
				CLANG_WARN_CONSTANT_CONVERSION = YES;
				CLANG_WARN_DIRECT_OBJC_ISA_USAGE = YES_ERROR;
				CLANG_WARN_EMPTY_BODY = YES;
				CLANG_WARN_ENUM_CONVERSION = YES;
				CLANG_WARN_INT_CONVERSION = YES;
				CLANG_WARN_OBJC_ROOT_CLASS = YES_ERROR;
				CLANG_WARN_UNREACHABLE_CODE = YES;
				CLANG_WARN__DUPLICATE_METHOD_MATCH = YES;
				"CODE_SIGN_IDENTITY[sdk=iphoneos*]" = "iPhone Developer";
				COPY_PHASE_STRIP = NO;
				DEBUG_INFORMATION_FORMAT = "dwarf-with-dsym";
				ENABLE_NS_ASSERTIONS = NO;
				ENABLE_STRICT_OBJC_MSGSEND = YES;
				GCC_C_LANGUAGE_STANDARD = gnu99;
				GCC_NO_COMMON_BLOCKS = YES;
				GCC_WARN_64_TO_32_BIT_CONVERSION = YES;
				GCC_WARN_ABOUT_RETURN_TYPE = YES_ERROR;
				GCC_WARN_UNDECLARED_SELECTOR = YES;
				GCC_WARN_UNINITIALIZED_AUTOS = YES_AGGRESSIVE;
				GCC_WARN_UNUSED_FUNCTION = YES;
				GCC_WARN_UNUSED_VARIABLE = YES;
				IPHONEOS_DEPLOYMENT_TARGET = 9.3;
				MTL_ENABLE_DEBUG_INFO = NO;
				SDKROOT = iphoneos;
				VALIDATE_PRODUCT = YES;
			};
			name = Release;
		};
		424A80381D02D767005A7978 /* Debug */ = {
			isa = XCBuildConfiguration;
			baseConfigurationReference = CC7EF7DE53D975A5DD37E361 /* Pods-IMDemo.debug.xcconfig */;
			buildSettings = {
				ASSETCATALOG_COMPILER_APPICON_NAME = AppIcon;
				INFOPLIST_FILE = IMDemo/Info.plist;
				LD_RUNPATH_SEARCH_PATHS = "$(inherited) @executable_path/Frameworks";
				LIBRARY_SEARCH_PATHS = (
					"$(inherited)",
					"$(PROJECT_DIR)/Pods/XMPPFramework/Vendor/libidn",
				);
				PRODUCT_BUNDLE_IDENTIFIER = micaimanong.IMDemo;
				PRODUCT_NAME = "$(TARGET_NAME)";
			};
			name = Debug;
		};
		424A80391D02D767005A7978 /* Release */ = {
			isa = XCBuildConfiguration;
			baseConfigurationReference = 374160B9105B325AD972153E /* Pods-IMDemo.release.xcconfig */;
			buildSettings = {
				ASSETCATALOG_COMPILER_APPICON_NAME = AppIcon;
				INFOPLIST_FILE = IMDemo/Info.plist;
				LD_RUNPATH_SEARCH_PATHS = "$(inherited) @executable_path/Frameworks";
				LIBRARY_SEARCH_PATHS = (
					"$(inherited)",
					"$(PROJECT_DIR)/Pods/XMPPFramework/Vendor/libidn",
				);
				PRODUCT_BUNDLE_IDENTIFIER = micaimanong.IMDemo;
				PRODUCT_NAME = "$(TARGET_NAME)";
			};
			name = Release;
		};
		424A803B1D02D767005A7978 /* Debug */ = {
			isa = XCBuildConfiguration;
			buildSettings = {
				BUNDLE_LOADER = "$(TEST_HOST)";
				INFOPLIST_FILE = IMDemoTests/Info.plist;
				LD_RUNPATH_SEARCH_PATHS = "$(inherited) @executable_path/Frameworks @loader_path/Frameworks";
				PRODUCT_BUNDLE_IDENTIFIER = micaimanong.IMDemoTests;
				PRODUCT_NAME = "$(TARGET_NAME)";
				TEST_HOST = "$(BUILT_PRODUCTS_DIR)/IMDemo.app/IMDemo";
			};
			name = Debug;
		};
		424A803C1D02D767005A7978 /* Release */ = {
			isa = XCBuildConfiguration;
			buildSettings = {
				BUNDLE_LOADER = "$(TEST_HOST)";
				INFOPLIST_FILE = IMDemoTests/Info.plist;
				LD_RUNPATH_SEARCH_PATHS = "$(inherited) @executable_path/Frameworks @loader_path/Frameworks";
				PRODUCT_BUNDLE_IDENTIFIER = micaimanong.IMDemoTests;
				PRODUCT_NAME = "$(TARGET_NAME)";
				TEST_HOST = "$(BUILT_PRODUCTS_DIR)/IMDemo.app/IMDemo";
			};
			name = Release;
		};
		424A803E1D02D767005A7978 /* Debug */ = {
			isa = XCBuildConfiguration;
			buildSettings = {
				INFOPLIST_FILE = IMDemoUITests/Info.plist;
				LD_RUNPATH_SEARCH_PATHS = "$(inherited) @executable_path/Frameworks @loader_path/Frameworks";
				PRODUCT_BUNDLE_IDENTIFIER = micaimanong.IMDemoUITests;
				PRODUCT_NAME = "$(TARGET_NAME)";
				TEST_TARGET_NAME = IMDemo;
			};
			name = Debug;
		};
		424A803F1D02D767005A7978 /* Release */ = {
			isa = XCBuildConfiguration;
			buildSettings = {
				INFOPLIST_FILE = IMDemoUITests/Info.plist;
				LD_RUNPATH_SEARCH_PATHS = "$(inherited) @executable_path/Frameworks @loader_path/Frameworks";
				PRODUCT_BUNDLE_IDENTIFIER = micaimanong.IMDemoUITests;
				PRODUCT_NAME = "$(TARGET_NAME)";
				TEST_TARGET_NAME = IMDemo;
			};
			name = Release;
		};
/* End XCBuildConfiguration section */

/* Begin XCConfigurationList section */
		424A80051D02D767005A7978 /* Build configuration list for PBXProject "IMDemo" */ = {
			isa = XCConfigurationList;
			buildConfigurations = (
				424A80351D02D767005A7978 /* Debug */,
				424A80361D02D767005A7978 /* Release */,
			);
			defaultConfigurationIsVisible = 0;
			defaultConfigurationName = Release;
		};
		424A80371D02D767005A7978 /* Build configuration list for PBXNativeTarget "IMDemo" */ = {
			isa = XCConfigurationList;
			buildConfigurations = (
				424A80381D02D767005A7978 /* Debug */,
				424A80391D02D767005A7978 /* Release */,
			);
			defaultConfigurationIsVisible = 0;
			defaultConfigurationName = Release;
		};
		424A803A1D02D767005A7978 /* Build configuration list for PBXNativeTarget "IMDemoTests" */ = {
			isa = XCConfigurationList;
			buildConfigurations = (
				424A803B1D02D767005A7978 /* Debug */,
				424A803C1D02D767005A7978 /* Release */,
			);
			defaultConfigurationIsVisible = 0;
			defaultConfigurationName = Release;
		};
		424A803D1D02D767005A7978 /* Build configuration list for PBXNativeTarget "IMDemoUITests" */ = {
			isa = XCConfigurationList;
			buildConfigurations = (
				424A803E1D02D767005A7978 /* Debug */,
				424A803F1D02D767005A7978 /* Release */,
			);
			defaultConfigurationIsVisible = 0;
			defaultConfigurationName = Release;
		};
/* End XCConfigurationList section */
	};
	rootObject = 424A80021D02D767005A7978 /* Project object */;
}
